<?xml version="1.0" encoding="utf-8"?>
<Project ToolsVersion="4.0" xmlns="http://schemas.microsoft.com/developer/msbuild/2003">
  <ItemGroup>
    <Filter Include="Source Files">
      <UniqueIdentifier>{4FC737F1-C7A5-4376-A066-2A32D752A2FF}</UniqueIdentifier>
      <Extensions>cpp;c;cc;cxx;c++;cppm;ixx;def;odl;idl;hpj;bat;asm;asmx</Extensions>
    </Filter>
    <Filter Include="Header Files">
      <UniqueIdentifier>{93995380-89BD-4b04-88EB-625FBE52EBFB}</UniqueIdentifier>
      <Extensions>h;hh;hpp;hxx;h++;hm;inl;inc;ipp;xsd</Extensions>
    </Filter>
    <Filter Include="Resource Files">
      <UniqueIdentifier>{67DA6AB6-F800-4c08-8B7A-83BB121AAD01}</UniqueIdentifier>
      <Extensions>rc;ico;cur;bmp;dlg;rc2;rct;bin;rgs;gif;jpg;jpeg;jpe;resx;tiff;tif;png;wav;mfcribbon-ms</Extensions>
    </Filter>
  </ItemGroup>
  <ItemGroup>
    <ClCompile Include="src\carte_marquage.cpp">
      <Filter>Source Files</Filter>
    </ClCompile>
    <ClCompile Include="src\enums.cpp">
      <Filter>Source Files</Filter>
    </ClCompile>
    <ClCompile Include="src\env_joueur.cpp">
      <Filter>Source Files</Filter>
    </ClCompile>
    <ClCompile Include="src\jeton_faune.cpp">
      <Filter>Source Files</Filter>
    </ClCompile>
    <ClCompile Include="src\partie.cpp">
      <Filter>Source Files</Filter>
    </ClCompile>
    <ClCompile Include="src\pioche.cpp">
      <Filter>Source Files</Filter>
    </ClCompile>
    <ClCompile Include="src\position.cpp">
      <Filter>Source Files</Filter>
    </ClCompile>
    <ClCompile Include="src\tuile.cpp">
      <Filter>Source Files</Filter>
    </ClCompile>
    <ClCompile Include="src\gestion_pieces.cpp">
      <Filter>Source Files</Filter>
    </ClCompile>
    <ClCompile Include="console\affichage.cpp">
      <Filter>Source Files</Filter>
    </ClCompile>
    <ClCompile Include="console\gestion_partie.cpp">
      <Filter>Source Files</Filter>
    </ClCompile>
    <ClCompile Include="console\main_console.cpp">
      <Filter>Source Files</Filter>
    </ClCompile>
    <ClCompile Include="console\saisie.cpp">
      <Filter>Source Files</Filter>
    </ClCompile>
    <ClCompile Include="gui\main_qt.cpp">
      <Filter>Source Files</Filter>
    </ClCompile>
    <ClCompile Include="src\score.cpp">
      <Filter>Source Files</Filter>
    </ClCompile>
    <ClCompile Include="src\carte_marquage_test.cpp">
      <Filter>Source Files</Filter>
    </ClCompile>
    <ClCompile Include="src\save.cpp">
      <Filter>Source Files</Filter>
    </ClCompile>
  </ItemGroup>
  <ItemGroup>
    <ClInclude Include="include\carte_marquage.h">
      <Filter>Header Files</Filter>
    </ClInclude>
    <ClInclude Include="include\enums.h">
      <Filter>Header Files</Filter>
    </ClInclude>
    <ClInclude Include="include\env_joueur.h">
      <Filter>Header Files</Filter>
    </ClInclude>
    <ClInclude Include="include\jeton_faune.h">
      <Filter>Header Files</Filter>
    </ClInclude>
    <ClInclude Include="include\partie.h">
      <Filter>Header Files</Filter>
    </ClInclude>
    <ClInclude Include="include\pioche.h">
      <Filter>Header Files</Filter>
    </ClInclude>
    <ClInclude Include="include\position.h">
      <Filter>Header Files</Filter>
    </ClInclude>
    <ClInclude Include="include\tuile.h">
      <Filter>Header Files</Filter>
    </ClInclude>
    <ClInclude Include="include\gestion_pieces.h">
      <Filter>Header Files</Filter>
    </ClInclude>
    <ClInclude Include="include\json.hpp">
      <Filter>Header Files</Filter>
    </ClInclude>
    <ClInclude Include="console\affichage.h">
      <Filter>Header Files</Filter>
    </ClInclude>
    <ClInclude Include="console\gestion_partie.h">
      <Filter>Header Files</Filter>
    </ClInclude>
    <ClInclude Include="console\saisie.h">
      <Filter>Header Files</Filter>
    </ClInclude>
    <ClInclude Include="include\score.h">
      <Filter>Header Files</Filter>
    </ClInclude>
    <ClInclude Include="include\save.h">
      <Filter>Header Files</Filter>
    </ClInclude>
  </ItemGroup>
</Project>